
Microsoft Visual Studio Solution File, Format Version 12.00
# Visual Studio 15
VisualStudioVersion = 15.0.28307.421
MinimumVisualStudioVersion = 10.0.40219.1
Project("{FAE04EC0-301F-11D3-BF4B-00C04F79EFBC}") = "MusicStoreManager", "MusicStoreManager\MusicStoreManager.csproj", "{D31EEFEC-D60A-4FC6-87D9-4B68D2604493}"
EndProject
Global
	GlobalSection(SolutionConfigurationPlatforms) = preSolution
		Debug|Any CPU = Debug|Any CPU
		Release|Any CPU = Release|Any CPU
	EndGlobalSection
	GlobalSection(ProjectConfigurationPlatforms) = postSolution
		{D31EEFEC-D60A-4FC6-87D9-4B68D2604493}.Debug|Any CPU.ActiveCfg = Debug|Any CPU
		{D31EEFEC-D60A-4FC6-87D9-4B68D2604493}.Debug|Any CPU.Build.0 = Debug|Any CPU
		{D31EEFEC-D60A-4FC6-87D9-4B68D2604493}.Release|Any CPU.ActiveCfg = Release|Any CPU
		{D31EEFEC-D60A-4FC6-87D9-4B68D2604493}.Release|Any CPU.Build.0 = Release|Any CPU
	EndGlobalSection
	GlobalSection(SolutionProperties) = preSolution
		HideSolutionNode = FALSE
	EndGlobalSection
	GlobalSection(ExtensibilityGlobals) = postSolution
		SolutionGuid = {727F4636-357D-405C-A735-CB36FD997491}
	EndGlobalSection
EndGlobal
